
Microsoft Visual Studio Solution File, Format Version 12.00
# Visual Studio 15
VisualStudioVersion = 15.0.28010.2050
MinimumVisualStudioVersion = 10.0.40219.1
Project("{FAE04EC0-301F-11D3-BF4B-00C04F79EFBC}") = "TravelerCards", "TravelerCards\TravelerCards.csproj", "{B0FC1C83-3305-41C4-B9C9-89A49EB4BD7C}"
EndProject
Project("{FAE04EC0-301F-11D3-BF4B-00C04F79EFBC}") = "AppTesting", "AppTesting\AppTesting.csproj", "{72AD897D-CDC6-4DDB-9C3E-08D110F77786}"
EndProject
Global
	GlobalSection(SolutionConfigurationPlatforms) = preSolution
		Debug|Any CPU = Debug|Any CPU
		Release|Any CPU = Release|Any CPU
	EndGlobalSection
	GlobalSection(ProjectConfigurationPlatforms) = postSolution
		{B0FC1C83-3305-41C4-B9C9-89A49EB4BD7C}.Debug|Any CPU.ActiveCfg = Debug|Any CPU
		{B0FC1C83-3305-41C4-B9C9-89A49EB4BD7C}.Debug|Any CPU.Build.0 = Debug|Any CPU
		{B0FC1C83-3305-41C4-B9C9-89A49EB4BD7C}.Release|Any CPU.ActiveCfg = Release|Any CPU
		{B0FC1C83-3305-41C4-B9C9-89A49EB4BD7C}.Release|Any CPU.Build.0 = Release|Any CPU
		{72AD897D-CDC6-4DDB-9C3E-08D110F77786}.Debug|Any CPU.ActiveCfg = Debug|Any CPU
		{72AD897D-CDC6-4DDB-9C3E-08D110F77786}.Debug|Any CPU.Build.0 = Debug|Any CPU
		{72AD897D-CDC6-4DDB-9C3E-08D110F77786}.Release|Any CPU.ActiveCfg = Release|Any CPU
		{72AD897D-CDC6-4DDB-9C3E-08D110F77786}.Release|Any CPU.Build.0 = Release|Any CPU
	EndGlobalSection
	GlobalSection(SolutionProperties) = preSolution
		HideSolutionNode = FALSE
	EndGlobalSection
	GlobalSection(ExtensibilityGlobals) = postSolution
		SolutionGuid = {75A88E6C-C766-4453-8C0C-7EBF79DF0AC5}
	EndGlobalSection
EndGlobal
